{
  "name": "whats-my-signs",
  "version": "1.0.0",
  "lockfileVersion": 2,
  "requires": true,
  "packages": {
    "": {
      "name": "whats-my-signs",
      "version": "1.0.0",
      "license": "ISC",
      "dependencies": {
        "date-chinese": "^2.1.4"
      }
    },
    "node_modules/astronomia": {
      "version": "4.1.1",
      "resolved": "https://registry.npmjs.org/astronomia/-/astronomia-4.1.1.tgz",
      "integrity": "sha512-TcJD9lUC5eAo0/Ji7rnQauX/yQbi0yZWM+JsNr77W3OA5fsrgvuFgubLMFwfw4VlZ29cu9dG/yfJbfvuTSftjg==",
      "engines": {
        "node": ">=12.0.0"
      }
    },
    "node_modules/date-chinese": {
      "version": "2.1.4",
      "resolved": "https://registry.npmjs.org/date-chinese/-/date-chinese-2.1.4.tgz",
      "integrity": "sha512-WY+6+Qw92ZGWFvGtStmNQHEYpNa87b8IAQ5T8VKt4wqrn24lBXyyBnWI5jAIyy7h/KVwJZ06bD8l/b7yss82Ww==",
      "dependencies": {
        "astronomia": "^4.1.0"
      },
      "engines": {
        "node": ">=12.0.0"
      }
    }
  },
  "dependencies": {
    "astronomia": {
      "version": "4.1.1",
      "resolved": "https://registry.npmjs.org/astronomia/-/astronomia-4.1.1.tgz",
      "integrity": "sha512-TcJD9lUC5eAo0/Ji7rnQauX/yQbi0yZWM+JsNr77W3OA5fsrgvuFgubLMFwfw4VlZ29cu9dG/yfJbfvuTSftjg=="
    },
    "date-chinese": {
      "version": "2.1.4",
      "resolved": "https://registry.npmjs.org/date-chinese/-/date-chinese-2.1.4.tgz",
      "integrity": "sha512-WY+6+Qw92ZGWFvGtStmNQHEYpNa87b8IAQ5T8VKt4wqrn24lBXyyBnWI5jAIyy7h/KVwJZ06bD8l/b7yss82Ww==",
      "requires": {
        "astronomia": "^4.1.0"
      }
    }
  }
}
